// !$*UTF8*$!
{
	archiveVersion = 1;
	classes = {
	};
	objectVersion = 46;
	objects = {

/* Begin PBXBuildFile section */
		3E8086E21CFD7A220051D95E /* main.m in Sources */ = {isa = PBXBuildFile; fileRef = 3E8086E11CFD7A220051D95E /* main.m */; };
		3E8086E51CFD7A220051D95E /* AppDelegate.m in Sources */ = {isa = PBXBuildFile; fileRef = 3E8086E41CFD7A220051D95E /* AppDelegate.m */; };
		3E8086E81CFD7A220051D95E /* ViewController.m in Sources */ = {isa = PBXBuildFile; fileRef = 3E8086E71CFD7A220051D95E /* ViewController.m */; };
		3E8086EB1CFD7A220051D95E /* Main.storyboard in Resources */ = {isa = PBXBuildFile; fileRef = 3E8086E91CFD7A220051D95E /* Main.storyboard */; };
		3E8086ED1CFD7A220051D95E /* Assets.xcassets in Resources */ = {isa = PBXBuildFile; fileRef = 3E8086EC1CFD7A220051D95E /* Assets.xcassets */; };
		3E8086F01CFD7A220051D95E /* LaunchScreen.storyboard in Resources */ = {isa = PBXBuildFile; fileRef = 3E8086EE1CFD7A220051D95E /* LaunchScreen.storyboard */; };
		3E8086FB1CFD7A220051D95E /* InternetStatus_AFNetworkingTests.m in Sources */ = {isa = PBXBuildFile; fileRef = 3E8086FA1CFD7A220051D95E /* InternetStatus_AFNetworkingTests.m */; };
		3E8087061CFD7A230051D95E /* InternetStatus_AFNetworkingUITests.m in Sources */ = {isa = PBXBuildFile; fileRef = 3E8087051CFD7A230051D95E /* InternetStatus_AFNetworkingUITests.m */; };
		3E8087241CFD7B270051D95E /* AFNetStatus.m in Sources */ = {isa = PBXBuildFile; fileRef = 3E8087151CFD7B270051D95E /* AFNetStatus.m */; settings = {ASSET_TAGS = (); }; };
		3E8087251CFD7B270051D95E /* AFHTTPSessionManager.m in Sources */ = {isa = PBXBuildFile; fileRef = 3E8087181CFD7B270051D95E /* AFHTTPSessionManager.m */; settings = {ASSET_TAGS = (); }; };
		3E8087261CFD7B270051D95E /* AFNetworkReachabilityManager.m in Sources */ = {isa = PBXBuildFile; fileRef = 3E80871B1CFD7B270051D95E /* AFNetworkReachabilityManager.m */; settings = {ASSET_TAGS = (); }; };
		3E8087271CFD7B270051D95E /* AFSecurityPolicy.m in Sources */ = {isa = PBXBuildFile; fileRef = 3E80871D1CFD7B270051D95E /* AFSecurityPolicy.m */; settings = {ASSET_TAGS = (); }; };
		3E8087281CFD7B270051D95E /* AFURLRequestSerialization.m in Sources */ = {isa = PBXBuildFile; fileRef = 3E80871F1CFD7B270051D95E /* AFURLRequestSerialization.m */; settings = {ASSET_TAGS = (); }; };
		3E8087291CFD7B270051D95E /* AFURLResponseSerialization.m in Sources */ = {isa = PBXBuildFile; fileRef = 3E8087211CFD7B270051D95E /* AFURLResponseSerialization.m */; settings = {ASSET_TAGS = (); }; };
		3E80872A1CFD7B270051D95E /* AFURLSessionManager.m in Sources */ = {isa = PBXBuildFile; fileRef = 3E8087231CFD7B270051D95E /* AFURLSessionManager.m */; settings = {ASSET_TAGS = (); }; };
/* End PBXBuildFile section */

/* Begin PBXContainerItemProxy section */
		3E8086F71CFD7A220051D95E /* PBXContainerItemProxy */ = {
			isa = PBXContainerItemProxy;
			containerPortal = 3E8086D51CFD7A220051D95E /* Project object */;
			proxyType = 1;
			remoteGlobalIDString = 3E8086DC1CFD7A220051D95E;
			remoteInfo = InternetStatus_AFNetworking;
		};
		3E8087021CFD7A230051D95E /* PBXContainerItemProxy */ = {
			isa = PBXContainerItemProxy;
			containerPortal = 3E8086D51CFD7A220051D95E /* Project object */;
			proxyType = 1;
			remoteGlobalIDString = 3E8086DC1CFD7A220051D95E;
			remoteInfo = InternetStatus_AFNetworking;
		};
/* End PBXContainerItemProxy section */

/* Begin PBXFileReference section */
		3E8086DD1CFD7A220051D95E /* InternetStatus_AFNetworking.app */ = {isa = PBXFileReference; explicitFileType = wrapper.application; includeInIndex = 0; path = InternetStatus_AFNetworking.app; sourceTree = BUILT_PRODUCTS_DIR; };
		3E8086E11CFD7A220051D95E /* main.m */ = {isa = PBXFileReference; lastKnownFileType = sourcecode.c.objc; path = main.m; sourceTree = "<group>"; };
		3E8086E31CFD7A220051D95E /* AppDelegate.h */ = {isa = PBXFileReference; lastKnownFileType = sourcecode.c.h; path = AppDelegate.h; sourceTree = "<group>"; };
		3E8086E41CFD7A220051D95E /* AppDelegate.m */ = {isa = PBXFileReference; lastKnownFileType = sourcecode.c.objc; path = AppDelegate.m; sourceTree = "<group>"; };
		3E8086E61CFD7A220051D95E /* ViewController.h */ = {isa = PBXFileReference; lastKnownFileType = sourcecode.c.h; path = ViewController.h; sourceTree = "<group>"; };
		3E8086E71CFD7A220051D95E /* ViewController.m */ = {isa = PBXFileReference; lastKnownFileType = sourcecode.c.objc; path = ViewController.m; sourceTree = "<group>"; };
		3E8086EA1CFD7A220051D95E /* Base */ = {isa = PBXFileReference; lastKnownFileType = file.storyboard; name = Base; path = Base.lproj/Main.storyboard; sourceTree = "<group>"; };
		3E8086EC1CFD7A220051D95E /* Assets.xcassets */ = {isa = PBXFileReference; lastKnownFileType = folder.assetcatalog; path = Assets.xcassets; sourceTree = "<group>"; };
		3E8086EF1CFD7A220051D95E /* Base */ = {isa = PBXFileReference; lastKnownFileType = file.storyboard; name = Base; path = Base.lproj/LaunchScreen.storyboard; sourceTree = "<group>"; };
		3E8086F11CFD7A220051D95E /* Info.plist */ = {isa = PBXFileReference; lastKnownFileType = text.plist.xml; path = Info.plist; sourceTree = "<group>"; };
		3E8086F61CFD7A220051D95E /* InternetStatus_AFNetworkingTests.xctest */ = {isa = PBXFileReference; explicitFileType = wrapper.cfbundle; includeInIndex = 0; path = InternetStatus_AFNetworkingTests.xctest; sourceTree = BUILT_PRODUCTS_DIR; };
		3E8086FA1CFD7A220051D95E /* InternetStatus_AFNetworkingTests.m */ = {isa = PBXFileReference; lastKnownFileType = sourcecode.c.objc; path = InternetStatus_AFNetworkingTests.m; sourceTree = "<group>"; };
		3E8086FC1CFD7A220051D95E /* Info.plist */ = {isa = PBXFileReference; lastKnownFileType = text.plist.xml; path = Info.plist; sourceTree = "<group>"; };
		3E8087011CFD7A230051D95E /* InternetStatus_AFNetworkingUITests.xctest */ = {isa = PBXFileReference; explicitFileType = wrapper.cfbundle; includeInIndex = 0; path = InternetStatus_AFNetworkingUITests.xctest; sourceTree = BUILT_PRODUCTS_DIR; };
		3E8087051CFD7A230051D95E /* InternetStatus_AFNetworkingUITests.m */ = {isa = PBXFileReference; lastKnownFileType = sourcecode.c.objc; path = InternetStatus_AFNetworkingUITests.m; sourceTree = "<group>"; };
		3E8087071CFD7A230051D95E /* Info.plist */ = {isa = PBXFileReference; lastKnownFileType = text.plist.xml; path = Info.plist; sourceTree = "<group>"; };
		3E8087141CFD7B270051D95E /* AFNetStatus.h */ = {isa = PBXFileReference; fileEncoding = 4; lastKnownFileType = sourcecode.c.h; path = AFNetStatus.h; sourceTree = "<group>"; };
		3E8087151CFD7B270051D95E /* AFNetStatus.m */ = {isa = PBXFileReference; fileEncoding = 4; lastKnownFileType = sourcecode.c.objc; path = AFNetStatus.m; sourceTree = "<group>"; };
		3E8087171CFD7B270051D95E /* AFHTTPSessionManager.h */ = {isa = PBXFileReference; fileEncoding = 4; lastKnownFileType = sourcecode.c.h; path = AFHTTPSessionManager.h; sourceTree = "<group>"; };
		3E8087181CFD7B270051D95E /* AFHTTPSessionManager.m */ = {isa = PBXFileReference; fileEncoding = 4; lastKnownFileType = sourcecode.c.objc; path = AFHTTPSessionManager.m; sourceTree = "<group>"; };
		3E8087191CFD7B270051D95E /* AFNetworking.h */ = {isa = PBXFileReference; fileEncoding = 4; lastKnownFileType = sourcecode.c.h; path = AFNetworking.h; sourceTree = "<group>"; };
		3E80871A1CFD7B270051D95E /* AFNetworkReachabilityManager.h */ = {isa = PBXFileReference; fileEncoding = 4; lastKnownFileType = sourcecode.c.h; path = AFNetworkReachabilityManager.h; sourceTree = "<group>"; };
		3E80871B1CFD7B270051D95E /* AFNetworkReachabilityManager.m */ = {isa = PBXFileReference; fileEncoding = 4; lastKnownFileType = sourcecode.c.objc; path = AFNetworkReachabilityManager.m; sourceTree = "<group>"; };
		3E80871C1CFD7B270051D95E /* AFSecurityPolicy.h */ = {isa = PBXFileReference; fileEncoding = 4; lastKnownFileType = sourcecode.c.h; path = AFSecurityPolicy.h; sourceTree = "<group>"; };
		3E80871D1CFD7B270051D95E /* AFSecurityPolicy.m */ = {isa = PBXFileReference; fileEncoding = 4; lastKnownFileType = sourcecode.c.objc; path = AFSecurityPolicy.m; sourceTree = "<group>"; };
		3E80871E1CFD7B270051D95E /* AFURLRequestSerialization.h */ = {isa = PBXFileReference; fileEncoding = 4; lastKnownFileType = sourcecode.c.h; path = AFURLRequestSerialization.h; sourceTree = "<group>"; };
		3E80871F1CFD7B270051D95E /* AFURLRequestSerialization.m */ = {isa = PBXFileReference; fileEncoding = 4; lastKnownFileType = sourcecode.c.objc; path = AFURLRequestSerialization.m; sourceTree = "<group>"; };
		3E8087201CFD7B270051D95E /* AFURLResponseSerialization.h */ = {isa = PBXFileReference; fileEncoding = 4; lastKnownFileType = sourcecode.c.h; path = AFURLResponseSerialization.h; sourceTree = "<group>"; };
		3E8087211CFD7B270051D95E /* AFURLResponseSerialization.m */ = {isa = PBXFileReference; fileEncoding = 4; lastKnownFileType = sourcecode.c.objc; path = AFURLResponseSerialization.m; sourceTree = "<group>"; };
		3E8087221CFD7B270051D95E /* AFURLSessionManager.h */ = {isa = PBXFileReference; fileEncoding = 4; lastKnownFileType = sourcecode.c.h; path = AFURLSessionManager.h; sourceTree = "<group>"; };
		3E8087231CFD7B270051D95E /* AFURLSessionManager.m */ = {isa = PBXFileReference; fileEncoding = 4; lastKnownFileType = sourcecode.c.objc; path = AFURLSessionManager.m; sourceTree = "<group>"; };
/* End PBXFileReference section */

/* Begin PBXFrameworksBuildPhase section */
		3E8086DA1CFD7A220051D95E /* Frameworks */ = {
			isa = PBXFrameworksBuildPhase;
			buildActionMask = 2147483647;
			files = (
			);
			runOnlyForDeploymentPostprocessing = 0;
		};
		3E8086F31CFD7A220051D95E /* Frameworks */ = {
			isa = PBXFrameworksBuildPhase;
			buildActionMask = 2147483647;
			files = (
			);
			runOnlyForDeploymentPostprocessing = 0;
		};
		3E8086FE1CFD7A220051D95E /* Frameworks */ = {
			isa = PBXFrameworksBuildPhase;
			buildActionMask = 2147483647;
			files = (
			);
			runOnlyForDeploymentPostprocessing = 0;
		};
/* End PBXFrameworksBuildPhase section */

/* Begin PBXGroup section */
		3E8086D41CFD7A220051D95E = {
			isa = PBXGroup;
			children = (
				3E8086DF1CFD7A220051D95E /* InternetStatus_AFNetworking */,
				3E8086F91CFD7A220051D95E /* InternetStatus_AFNetworkingTests */,
				3E8087041CFD7A230051D95E /* InternetStatus_AFNetworkingUITests */,
				3E8086DE1CFD7A220051D95E /* Products */,
			);
			sourceTree = "<group>";
		};
		3E8086DE1CFD7A220051D95E /* Products */ = {
			isa = PBXGroup;
			children = (
				3E8086DD1CFD7A220051D95E /* InternetStatus_AFNetworking.app */,
				3E8086F61CFD7A220051D95E /* InternetStatus_AFNetworkingTests.xctest */,
				3E8087011CFD7A230051D95E /* InternetStatus_AFNetworkingUITests.xctest */,
			);
			name = Products;
			sourceTree = "<group>";
		};
		3E8086DF1CFD7A220051D95E /* InternetStatus_AFNetworking */ = {
			isa = PBXGroup;
			children = (
				3E8087131CFD7B270051D95E /* AFInternetStatus */,
				3E8086E31CFD7A220051D95E /* AppDelegate.h */,
				3E8086E41CFD7A220051D95E /* AppDelegate.m */,
				3E8086E61CFD7A220051D95E /* ViewController.h */,
				3E8086E71CFD7A220051D95E /* ViewController.m */,
				3E8086E91CFD7A220051D95E /* Main.storyboard */,
				3E8086EC1CFD7A220051D95E /* Assets.xcassets */,
				3E8086EE1CFD7A220051D95E /* LaunchScreen.storyboard */,
				3E8086F11CFD7A220051D95E /* Info.plist */,
				3E8086E01CFD7A220051D95E /* Supporting Files */,
			);
			path = InternetStatus_AFNetworking;
			sourceTree = "<group>";
		};
		3E8086E01CFD7A220051D95E /* Supporting Files */ = {
			isa = PBXGroup;
			children = (
				3E8086E11CFD7A220051D95E /* main.m */,
			);
			name = "Supporting Files";
			sourceTree = "<group>";
		};
		3E8086F91CFD7A220051D95E /* InternetStatus_AFNetworkingTests */ = {
			isa = PBXGroup;
			children = (
				3E8086FA1CFD7A220051D95E /* InternetStatus_AFNetworkingTests.m */,
				3E8086FC1CFD7A220051D95E /* Info.plist */,
			);
			path = InternetStatus_AFNetworkingTests;
			sourceTree = "<group>";
		};
		3E8087041CFD7A230051D95E /* InternetStatus_AFNetworkingUITests */ = {
			isa = PBXGroup;
			children = (
				3E8087051CFD7A230051D95E /* InternetStatus_AFNetworkingUITests.m */,
				3E8087071CFD7A230051D95E /* Info.plist */,
			);
			path = InternetStatus_AFNetworkingUITests;
			sourceTree = "<group>";
		};
		3E8087131CFD7B270051D95E /* AFInternetStatus */ = {
			isa = PBXGroup;
			children = (
				3E8087141CFD7B270051D95E /* AFNetStatus.h */,
				3E8087151CFD7B270051D95E /* AFNetStatus.m */,
				3E8087161CFD7B270051D95E /* AFNetworking */,
			);
			path = AFInternetStatus;
			sourceTree = "<group>";
		};
		3E8087161CFD7B270051D95E /* AFNetworking */ = {
			isa = PBXGroup;
			children = (
				3E8087171CFD7B270051D95E /* AFHTTPSessionManager.h */,
				3E8087181CFD7B270051D95E /* AFHTTPSessionManager.m */,
				3E8087191CFD7B270051D95E /* AFNetworking.h */,
				3E80871A1CFD7B270051D95E /* AFNetworkReachabilityManager.h */,
				3E80871B1CFD7B270051D95E /* AFNetworkReachabilityManager.m */,
				3E80871C1CFD7B270051D95E /* AFSecurityPolicy.h */,
				3E80871D1CFD7B270051D95E /* AFSecurityPolicy.m */,
				3E80871E1CFD7B270051D95E /* AFURLRequestSerialization.h */,
				3E80871F1CFD7B270051D95E /* AFURLRequestSerialization.m */,
				3E8087201CFD7B270051D95E /* AFURLResponseSerialization.h */,
				3E8087211CFD7B270051D95E /* AFURLResponseSerialization.m */,
				3E8087221CFD7B270051D95E /* AFURLSessionManager.h */,
				3E8087231CFD7B270051D95E /* AFURLSessionManager.m */,
			);
			path = AFNetworking;
			sourceTree = "<group>";
		};
/* End PBXGroup section */

/* Begin PBXNativeTarget section */
		3E8086DC1CFD7A220051D95E /* InternetStatus_AFNetworking */ = {
			isa = PBXNativeTarget;
			buildConfigurationList = 3E80870A1CFD7A230051D95E /* Build configuration list for PBXNativeTarget "InternetStatus_AFNetworking" */;
			buildPhases = (
				3E8086D91CFD7A220051D95E /* Sources */,
				3E8086DA1CFD7A220051D95E /* Frameworks */,
				3E8086DB1CFD7A220051D95E /* Resources */,
			);
			buildRules = (
			);
			dependencies = (
			);
			name = InternetStatus_AFNetworking;
			productName = InternetStatus_AFNetworking;
			productReference = 3E8086DD1CFD7A220051D95E /* InternetStatus_AFNetworking.app */;
			productType = "com.apple.product-type.application";
		};
		3E8086F51CFD7A220051D95E /* InternetStatus_AFNetworkingTests */ = {
			isa = PBXNativeTarget;
			buildConfigurationList = 3E80870D1CFD7A230051D95E /* Build configuration list for PBXNativeTarget "InternetStatus_AFNetworkingTests" */;
			buildPhases = (
				3E8086F21CFD7A220051D95E /* Sources */,
				3E8086F31CFD7A220051D95E /* Frameworks */,
				3E8086F41CFD7A220051D95E /* Resources */,
			);
			buildRules = (
			);
			dependencies = (
				3E8086F81CFD7A220051D95E /* PBXTargetDependency */,
			);
			name = InternetStatus_AFNetworkingTests;
			productName = InternetStatus_AFNetworkingTests;
			productReference = 3E8086F61CFD7A220051D95E /* InternetStatus_AFNetworkingTests.xctest */;
			productType = "com.apple.product-type.bundle.unit-test";
		};
		3E8087001CFD7A220051D95E /* InternetStatus_AFNetworkingUITests */ = {
			isa = PBXNativeTarget;
			buildConfigurationList = 3E8087101CFD7A230051D95E /* Build configuration list for PBXNativeTarget "InternetStatus_AFNetworkingUITests" */;
			buildPhases = (
				3E8086FD1CFD7A220051D95E /* Sources */,
				3E8086FE1CFD7A220051D95E /* Frameworks */,
				3E8086FF1CFD7A220051D95E /* Resources */,
			);
			buildRules = (
			);
			dependencies = (
				3E8087031CFD7A230051D95E /* PBXTargetDependency */,
			);
			name = InternetStatus_AFNetworkingUITests;
			productName = InternetStatus_AFNetworkingUITests;
			productReference = 3E8087011CFD7A230051D95E /* InternetStatus_AFNetworkingUITests.xctest */;
			productType = "com.apple.product-type.bundle.ui-testing";
		};
/* End PBXNativeTarget section */

/* Begin PBXProject section */
		3E8086D51CFD7A220051D95E /* Project object */ = {
			isa = PBXProject;
			attributes = {
				LastUpgradeCheck = 0700;
				ORGANIZATIONNAME = JackYang;
				TargetAttributes = {
					3E8086DC1CFD7A220051D95E = {
						CreatedOnToolsVersion = 7.0;
					};
					3E8086F51CFD7A220051D95E = {
						CreatedOnToolsVersion = 7.0;
						TestTargetID = 3E8086DC1CFD7A220051D95E;
					};
					3E8087001CFD7A220051D95E = {
						CreatedOnToolsVersion = 7.0;
						TestTargetID = 3E8086DC1CFD7A220051D95E;
					};
				};
			};
			buildConfigurationList = 3E8086D81CFD7A220051D95E /* Build configuration list for PBXProject "InternetStatus_AFNetworking" */;
			compatibilityVersion = "Xcode 3.2";
			developmentRegion = English;
			hasScannedForEncodings = 0;
			knownRegions = (
				en,
				Base,
			);
			mainGroup = 3E8086D41CFD7A220051D95E;
			productRefGroup = 3E8086DE1CFD7A220051D95E /* Products */;
			projectDirPath = "";
			projectRoot = "";
			targets = (
				3E8086DC1CFD7A220051D95E /* InternetStatus_AFNetworking */,
				3E8086F51CFD7A220051D95E /* InternetStatus_AFNetworkingTests */,
				3E8087001CFD7A220051D95E /* InternetStatus_AFNetworkingUITests */,
			);
		};
/* End PBXProject section */

/* Begin PBXResourcesBuildPhase section */
		3E8086DB1CFD7A220051D95E /* Resources */ = {
			isa = PBXResourcesBuildPhase;
			buildActionMask = 2147483647;
			files = (
				3E8086F01CFD7A220051D95E /* LaunchScreen.storyboard in Resources */,
				3E8086ED1CFD7A220051D95E /* Assets.xcassets in Resources */,
				3E8086EB1CFD7A220051D95E /* Main.storyboard in Resources */,
			);
			runOnlyForDeploymentPostprocessing = 0;
		};
		3E8086F41CFD7A220051D95E /* Resources */ = {
			isa = PBXResourcesBuildPhase;
			buildActionMask = 2147483647;
			files = (
			);
			runOnlyForDeploymentPostprocessing = 0;
		};
		3E8086FF1CFD7A220051D95E /* Resources */ = {
			isa = PBXResourcesBuildPhase;
			buildActionMask = 2147483647;
			files = (
			);
			runOnlyForDeploymentPostprocessing = 0;
		};
/* End PBXResourcesBuildPhase section */

/* Begin PBXSourcesBuildPhase section */
		3E8086D91CFD7A220051D95E /* Sources */ = {
			isa = PBXSourcesBuildPhase;
			buildActionMask = 2147483647;
			files = (
				3E8087271CFD7B270051D95E /* AFSecurityPolicy.m in Sources */,
				3E8087291CFD7B270051D95E /* AFURLResponseSerialization.m in Sources */,
				3E8086E81CFD7A220051D95E /* ViewController.m in Sources */,
				3E8086E51CFD7A220051D95E /* AppDelegate.m in Sources */,
				3E8087251CFD7B270051D95E /* AFHTTPSessionManager.m in Sources */,
				3E80872A1CFD7B270051D95E /* AFURLSessionManager.m in Sources */,
				3E8087241CFD7B270051D95E /* AFNetStatus.m in Sources */,
				3E8087261CFD7B270051D95E /* AFNetworkReachabilityManager.m in Sources */,
				3E8086E21CFD7A220051D95E /* main.m in Sources */,
				3E8087281CFD7B270051D95E /* AFURLRequestSerialization.m in Sources */,
			);
			runOnlyForDeploymentPostprocessing = 0;
		};
		3E8086F21CFD7A220051D95E /* Sources */ = {
			isa = PBXSourcesBuildPhase;
			buildActionMask = 2147483647;
			files = (
				3E8086FB1CFD7A220051D95E /* InternetStatus_AFNetworkingTests.m in Sources */,
			);
			runOnlyForDeploymentPostprocessing = 0;
		};
		3E8086FD1CFD7A220051D95E /* Sources */ = {
			isa = PBXSourcesBuildPhase;
			buildActionMask = 2147483647;
			files = (
				3E8087061CFD7A230051D95E /* InternetStatus_AFNetworkingUITests.m in Sources */,
			);
			runOnlyForDeploymentPostprocessing = 0;
		};
/* End PBXSourcesBuildPhase section */

/* Begin PBXTargetDependency section */
		3E8086F81CFD7A220051D95E /* PBXTargetDependency */ = {
			isa = PBXTargetDependency;
			target = 3E8086DC1CFD7A220051D95E /* InternetStatus_AFNetworking */;
			targetProxy = 3E8086F71CFD7A220051D95E /* PBXContainerItemProxy */;
		};
		3E8087031CFD7A230051D95E /* PBXTargetDependency */ = {
			isa = PBXTargetDependency;
			target = 3E8086DC1CFD7A220051D95E /* InternetStatus_AFNetworking */;
			targetProxy = 3E8087021CFD7A230051D95E /* PBXContainerItemProxy */;
		};
/* End PBXTargetDependency section */

/* Begin PBXVariantGroup section */
		3E8086E91CFD7A220051D95E /* Main.storyboard */ = {
			isa = PBXVariantGroup;
			children = (
				3E8086EA1CFD7A220051D95E /* Base */,
			);
			name = Main.storyboard;
			sourceTree = "<group>";
		};
		3E8086EE1CFD7A220051D95E /* LaunchScreen.storyboard */ = {
			isa = PBXVariantGroup;
			children = (
				3E8086EF1CFD7A220051D95E /* Base */,
			);
			name = LaunchScreen.storyboard;
			sourceTree = "<group>";
		};
/* End PBXVariantGroup section */

/* Begin XCBuildConfiguration section */
		3E8087081CFD7A230051D95E /* Debug */ = {
			isa = XCBuildConfiguration;
			buildSettings = {
				ALWAYS_SEARCH_USER_PATHS = NO;
				CLANG_CXX_LANGUAGE_STANDARD = "gnu++0x";
				CLANG_CXX_LIBRARY = "libc++";
				CLANG_ENABLE_MODULES = YES;
				CLANG_ENABLE_OBJC_ARC = YES;
				CLANG_WARN_BOOL_CONVERSION = YES;
				CLANG_WARN_CONSTANT_CONVERSION = YES;
				CLANG_WARN_DIRECT_OBJC_ISA_USAGE = YES_ERROR;
				CLANG_WARN_EMPTY_BODY = YES;
				CLANG_WARN_ENUM_CONVERSION = YES;
				CLANG_WARN_INT_CONVERSION = YES;
				CLANG_WARN_OBJC_ROOT_CLASS = YES_ERROR;
				CLANG_WARN_UNREACHABLE_CODE = YES;
				CLANG_WARN__DUPLICATE_METHOD_MATCH = YES;
				"CODE_SIGN_IDENTITY[sdk=iphoneos*]" = "iPhone Developer";
				COPY_PHASE_STRIP = NO;
				DEBUG_INFORMATION_FORMAT = dwarf;
				ENABLE_STRICT_OBJC_MSGSEND = YES;
				ENABLE_TESTABILITY = YES;
				GCC_C_LANGUAGE_STANDARD = gnu99;
				GCC_DYNAMIC_NO_PIC = NO;
				GCC_NO_COMMON_BLOCKS = YES;
				GCC_OPTIMIZATION_LEVEL = 0;
				GCC_PREPROCESSOR_DEFINITIONS = (
					"DEBUG=1",
					"$(inherited)",
				);
				GCC_WARN_64_TO_32_BIT_CONVERSION = YES;
				GCC_WARN_ABOUT_RETURN_TYPE = YES_ERROR;
				GCC_WARN_UNDECLARED_SELECTOR = YES;
				GCC_WARN_UNINITIALIZED_AUTOS = YES_AGGRESSIVE;
				GCC_WARN_UNUSED_FUNCTION = YES;
				GCC_WARN_UNUSED_VARIABLE = YES;
				IPHONEOS_DEPLOYMENT_TARGET = 9.0;
				MTL_ENABLE_DEBUG_INFO = YES;
				ONLY_ACTIVE_ARCH = YES;
				SDKROOT = iphoneos;
				TARGETED_DEVICE_FAMILY = "1,2";
			};
			name = Debug;
		};
		3E8087091CFD7A230051D95E /* Release */ = {
			isa = XCBuildConfiguration;
			buildSettings = {
				ALWAYS_SEARCH_USER_PATHS = NO;
				CLANG_CXX_LANGUAGE_STANDARD = "gnu++0x";
				CLANG_CXX_LIBRARY = "libc++";
				CLANG_ENABLE_MODULES = YES;
				CLANG_ENABLE_OBJC_ARC = YES;
				CLANG_WARN_BOOL_CONVERSION = YES;
				CLANG_WARN_CONSTANT_CONVERSION = YES;
				CLANG_WARN_DIRECT_OBJC_ISA_USAGE = YES_ERROR;
				CLANG_WARN_EMPTY_BODY = YES;
				CLANG_WARN_ENUM_CONVERSION = YES;
				CLANG_WARN_INT_CONVERSION = YES;
				CLANG_WARN_OBJC_ROOT_CLASS = YES_ERROR;
				CLANG_WARN_UNREACHABLE_CODE = YES;
				CLANG_WARN__DUPLICATE_METHOD_MATCH = YES;
				"CODE_SIGN_IDENTITY[sdk=iphoneos*]" = "iPhone Developer";
				COPY_PHASE_STRIP = NO;
				DEBUG_INFORMATION_FORMAT = "dwarf-with-dsym";
				ENABLE_NS_ASSERTIONS = NO;
				ENABLE_STRICT_OBJC_MSGSEND = YES;
				GCC_C_LANGUAGE_STANDARD = gnu99;
				GCC_NO_COMMON_BLOCKS = YES;
				GCC_WARN_64_TO_32_BIT_CONVERSION = YES;
				GCC_WARN_ABOUT_RETURN_TYPE = YES_ERROR;
				GCC_WARN_UNDECLARED_SELECTOR = YES;
				GCC_WARN_UNINITIALIZED_AUTOS = YES_AGGRESSIVE;
				GCC_WARN_UNUSED_FUNCTION = YES;
				GCC_WARN_UNUSED_VARIABLE = YES;
				IPHONEOS_DEPLOYMENT_TARGET = 9.0;
				MTL_ENABLE_DEBUG_INFO = NO;
				SDKROOT = iphoneos;
				TARGETED_DEVICE_FAMILY = "1,2";
				VALIDATE_PRODUCT = YES;
			};
			name = Release;
		};
		3E80870B1CFD7A230051D95E /* Debug */ = {
			isa = XCBuildConfiguration;
			buildSettings = {
				ASSETCATALOG_COMPILER_APPICON_NAME = AppIcon;
				INFOPLIST_FILE = InternetStatus_AFNetworking/Info.plist;
				IPHONEOS_DEPLOYMENT_TARGET = 8.0;
				LD_RUNPATH_SEARCH_PATHS = "$(inherited) @executable_path/Frameworks";
				PRODUCT_BUNDLE_IDENTIFIER = com.ZhongAngJuHua.40000kmPhoneTest;
				PRODUCT_NAME = "$(TARGET_NAME)";
				PROVISIONING_PROFILE = "8f532353-1ea1-4181-aaa6-20df5320e625";
			};
			name = Debug;
		};
		3E80870C1CFD7A230051D95E /* Release */ = {
			isa = XCBuildConfiguration;
			buildSettings = {
				ASSETCATALOG_COMPILER_APPICON_NAME = AppIcon;
				INFOPLIST_FILE = InternetStatus_AFNetworking/Info.plist;
				IPHONEOS_DEPLOYMENT_TARGET = 8.0;
				LD_RUNPATH_SEARCH_PATHS = "$(inherited) @executable_path/Frameworks";
				PRODUCT_BUNDLE_IDENTIFIER = com.ZhongAngJuHua.40000kmPhoneTest;
				PRODUCT_NAME = "$(TARGET_NAME)";
				PROVISIONING_PROFILE = "8f532353-1ea1-4181-aaa6-20df5320e625";
			};
			name = Release;
		};
		3E80870E1CFD7A230051D95E /* Debug */ = {
			isa = XCBuildConfiguration;
			buildSettings = {
				BUNDLE_LOADER = "$(TEST_HOST)";
				INFOPLIST_FILE = InternetStatus_AFNetworkingTests/Info.plist;
				LD_RUNPATH_SEARCH_PATHS = "$(inherited) @executable_path/Frameworks @loader_path/Frameworks";
				PRODUCT_BUNDLE_IDENTIFIER = "JackYangGithub.InternetStatus-AFNetworkingTests";
				PRODUCT_NAME = "$(TARGET_NAME)";
				TEST_HOST = "$(BUILT_PRODUCTS_DIR)/InternetStatus_AFNetworking.app/InternetStatus_AFNetworking";
			};
			name = Debug;
		};
		3E80870F1CFD7A230051D95E /* Release */ = {
			isa = XCBuildConfiguration;
			buildSettings = {
				BUNDLE_LOADER = "$(TEST_HOST)";
				INFOPLIST_FILE = InternetStatus_AFNetworkingTests/Info.plist;
				LD_RUNPATH_SEARCH_PATHS = "$(inherited) @executable_path/Frameworks @loader_path/Frameworks";
				PRODUCT_BUNDLE_IDENTIFIER = "JackYangGithub.InternetStatus-AFNetworkingTests";
				PRODUCT_NAME = "$(TARGET_NAME)";
				TEST_HOST = "$(BUILT_PRODUCTS_DIR)/InternetStatus_AFNetworking.app/InternetStatus_AFNetworking";
			};
			name = Release;
		};
		3E8087111CFD7A230051D95E /* Debug */ = {
			isa = XCBuildConfiguration;
			buildSettings = {
				INFOPLIST_FILE = InternetStatus_AFNetworkingUITests/Info.plist;
				LD_RUNPATH_SEARCH_PATHS = "$(inherited) @executable_path/Frameworks @loader_path/Frameworks";
				PRODUCT_BUNDLE_IDENTIFIER = "JackYangGithub.InternetStatus-AFNetworkingUITests";
				PRODUCT_NAME = "$(TARGET_NAME)";
				TEST_TARGET_NAME = InternetStatus_AFNetworking;
				USES_XCTRUNNER = YES;
			};
			name = Debug;
		};
		3E8087121CFD7A230051D95E /* Release */ = {
			isa = XCBuildConfiguration;
			buildSettings = {
				INFOPLIST_FILE = InternetStatus_AFNetworkingUITests/Info.plist;
				LD_RUNPATH_SEARCH_PATHS = "$(inherited) @executable_path/Frameworks @loader_path/Frameworks";
				PRODUCT_BUNDLE_IDENTIFIER = "JackYangGithub.InternetStatus-AFNetworkingUITests";
				PRODUCT_NAME = "$(TARGET_NAME)";
				TEST_TARGET_NAME = InternetStatus_AFNetworking;
				USES_XCTRUNNER = YES;
			};
			name = Release;
		};
/* End XCBuildConfiguration section */

/* Begin XCConfigurationList section */
		3E8086D81CFD7A220051D95E /* Build configuration list for PBXProject "InternetStatus_AFNetworking" */ = {
			isa = XCConfigurationList;
			buildConfigurations = (
				3E8087081CFD7A230051D95E /* Debug */,
				3E8087091CFD7A230051D95E /* Release */,
			);
			defaultConfigurationIsVisible = 0;
			defaultConfigurationName = Release;
		};
		3E80870A1CFD7A230051D95E /* Build configuration list for PBXNativeTarget "InternetStatus_AFNetworking" */ = {
			isa = XCConfigurationList;
			buildConfigurations = (
				3E80870B1CFD7A230051D95E /* Debug */,
				3E80870C1CFD7A230051D95E /* Release */,
			);
			defaultConfigurationIsVisible = 0;
		};
		3E80870D1CFD7A230051D95E /* Build configuration list for PBXNativeTarget "InternetStatus_AFNetworkingTests" */ = {
			isa = XCConfigurationList;
			buildConfigurations = (
				3E80870E1CFD7A230051D95E /* Debug */,
				3E80870F1CFD7A230051D95E /* Release */,
			);
			defaultConfigurationIsVisible = 0;
		};
		3E8087101CFD7A230051D95E /* Build configuration list for PBXNativeTarget "InternetStatus_AFNetworkingUITests" */ = {
			isa = XCConfigurationList;
			buildConfigurations = (
				3E8087111CFD7A230051D95E /* Debug */,
				3E8087121CFD7A230051D95E /* Release */,
			);
			defaultConfigurationIsVisible = 0;
		};
/* End XCConfigurationList section */
	};
	rootObject = 3E8086D51CFD7A220051D95E /* Project object */;
}
